Microsoft Visual Studio Solution File, Format Version 12.00
# Visual Studio Version 17
VisualStudioVersion = 17.5.2.0
MinimumVisualStudioVersion = 10.0.40219.1
Project("{FAE04EC0-301F-11D3-BF4B-00C04F79EFBC}") = "imgpass", "imgpass.csproj", "{6C4CC172-9701-789E-3DE7-80238BF2B710}"
EndProject
Global
	GlobalSection(SolutionConfigurationPlatforms) = preSolution
		Debug|Any CPU = Debug|Any CPU
		Release|Any CPU = Release|Any CPU
	EndGlobalSection
	GlobalSection(ProjectConfigurationPlatforms) = postSolution
		{6C4CC172-9701-789E-3DE7-80238BF2B710}.Debug|Any CPU.ActiveCfg = Debug|Any CPU
		{6C4CC172-9701-789E-3DE7-80238BF2B710}.Debug|Any CPU.Build.0 = Debug|Any CPU
		{6C4CC172-9701-789E-3DE7-80238BF2B710}.Release|Any CPU.ActiveCfg = Release|Any CPU
		{6C4CC172-9701-789E-3DE7-80238BF2B710}.Release|Any CPU.Build.0 = Release|Any CPU
	EndGlobalSection
	GlobalSection(SolutionProperties) = preSolution
		HideSolutionNode = FALSE
	EndGlobalSection
	GlobalSection(ExtensibilityGlobals) = postSolution
		SolutionGuid = {9372EAAA-DCD5-4884-A456-599799D59876}
	EndGlobalSection
EndGlobal
